
Microsoft Visual Studio Solution File, Format Version 12.00
# Visual Studio Version 16
VisualStudioVersion = 16.0.31729.503
MinimumVisualStudioVersion = 10.0.40219.1
Project("{FAE04EC0-301F-11D3-BF4B-00C04F79EFBC}") = "FizzBuzzUpdate", "FizzBuzzUpdate\FizzBuzzUpdate.csproj", "{7EF3E94D-4D50-4376-8819-17D124ECAAEE}"
EndProject
Global
	GlobalSection(SolutionConfigurationPlatforms) = preSolution
		Debug|Any CPU = Debug|Any CPU
		Release|Any CPU = Release|Any CPU
	EndGlobalSection
	GlobalSection(ProjectConfigurationPlatforms) = postSolution
		{7EF3E94D-4D50-4376-8819-17D124ECAAEE}.Debug|Any CPU.ActiveCfg = Debug|Any CPU
		{7EF3E94D-4D50-4376-8819-17D124ECAAEE}.Debug|Any CPU.Build.0 = Debug|Any CPU
		{7EF3E94D-4D50-4376-8819-17D124ECAAEE}.Release|Any CPU.ActiveCfg = Release|Any CPU
		{7EF3E94D-4D50-4376-8819-17D124ECAAEE}.Release|Any CPU.Build.0 = Release|Any CPU
	EndGlobalSection
	GlobalSection(SolutionProperties) = preSolution
		HideSolutionNode = FALSE
	EndGlobalSection
	GlobalSection(ExtensibilityGlobals) = postSolution
		SolutionGuid = {76DCF21E-6C49-43BC-B690-D4A77CC85ABF}
	EndGlobalSection
EndGlobal
